
Microsoft Visual Studio Solution File, Format Version 12.00
# Visual Studio Version 16
VisualStudioVersion = 16.0.31129.286
MinimumVisualStudioVersion = 10.0.40219.1
Project("{FAE04EC0-301F-11D3-BF4B-00C04F79EFBC}") = "ServiceLibrary", "ServiceLibrary\ServiceLibrary.csproj", "{D673899D-4A62-468D-93EA-2F0A55372DDE}"
EndProject
Global
	GlobalSection(SolutionConfigurationPlatforms) = preSolution
		Debug|Any CPU = Debug|Any CPU
		Release|Any CPU = Release|Any CPU
	EndGlobalSection
	GlobalSection(ProjectConfigurationPlatforms) = postSolution
		{D673899D-4A62-468D-93EA-2F0A55372DDE}.Debug|Any CPU.ActiveCfg = Debug|Any CPU
		{D673899D-4A62-468D-93EA-2F0A55372DDE}.Debug|Any CPU.Build.0 = Debug|Any CPU
		{D673899D-4A62-468D-93EA-2F0A55372DDE}.Release|Any CPU.ActiveCfg = Release|Any CPU
		{D673899D-4A62-468D-93EA-2F0A55372DDE}.Release|Any CPU.Build.0 = Release|Any CPU
	EndGlobalSection
	GlobalSection(SolutionProperties) = preSolution
		HideSolutionNode = FALSE
	EndGlobalSection
	GlobalSection(ExtensibilityGlobals) = postSolution
		SolutionGuid = {D06519BE-6F7E-430F-921F-C637305F0388}
	EndGlobalSection
EndGlobal
