
Microsoft Visual Studio Solution File, Format Version 12.00
# Visual Studio Version 16
VisualStudioVersion = 16.0.31129.286
MinimumVisualStudioVersion = 10.0.40219.1
Project("{FAE04EC0-301F-11D3-BF4B-00C04F79EFBC}") = "AdminPanel", "AdminPanel\AdminPanel.csproj", "{179E95D6-3ECA-41A3-98D8-02804AFC1BD3}"
EndProject
Global
	GlobalSection(SolutionConfigurationPlatforms) = preSolution
		Debug|Any CPU = Debug|Any CPU
		Release|Any CPU = Release|Any CPU
	EndGlobalSection
	GlobalSection(ProjectConfigurationPlatforms) = postSolution
		{179E95D6-3ECA-41A3-98D8-02804AFC1BD3}.Debug|Any CPU.ActiveCfg = Debug|Any CPU
		{179E95D6-3ECA-41A3-98D8-02804AFC1BD3}.Debug|Any CPU.Build.0 = Debug|Any CPU
		{179E95D6-3ECA-41A3-98D8-02804AFC1BD3}.Release|Any CPU.ActiveCfg = Release|Any CPU
		{179E95D6-3ECA-41A3-98D8-02804AFC1BD3}.Release|Any CPU.Build.0 = Release|Any CPU
	EndGlobalSection
	GlobalSection(SolutionProperties) = preSolution
		HideSolutionNode = FALSE
	EndGlobalSection
	GlobalSection(ExtensibilityGlobals) = postSolution
		SolutionGuid = {E7F3E6A9-9F3E-4C9B-9E2C-FC8833EC29ED}
	EndGlobalSection
EndGlobal
